# This file is generated by running "yarn install" inside your project.
# Manual changes might be lost - proceed with caution!

__metadata:
  version: 4
  cacheKey: 7

"@atnos/pia-i18n@workspace:.":
  version: 0.0.0-use.local
  resolution: "@atnos/pia-i18n@workspace:."
  dependencies:
    tslib: ^2.2.0
  peerDependencies:
    "@angular/common": ^11.0.9
    "@angular/core": ^11.0.9
  languageName: unknown
  linkType: soft

"tslib@npm:^2.2.0":
  version: 2.2.0
  resolution: "tslib@npm:2.2.0"
  checksum: 2d35468c470410871c5246e43f12dcb6d0fc363b617c176f26443b9530e5c5ee8448966892a42956168d8f495da7865bda33dfe82c26c91991e28999974a618f
  languageName: node
  linkType: hard
