# This file is generated by running "yarn install" inside your project.
# Manual changes might be lost - proceed with caution!

__metadata:
  version: 4
  cacheKey: 7

"@atnos/pia-i18n@workspace:.":
  version: 0.0.0-use.local
  resolution: "@atnos/pia-i18n@workspace:."
  dependencies:
    tslib: ^2.3.0
  peerDependencies:
    "@angular/common": ^11.0.9
    "@angular/core": ^11.0.9
  languageName: unknown
  linkType: soft

"tslib@npm:^2.3.0":
  version: 2.3.0
  resolution: "tslib@npm:2.3.0"
  checksum: 7b4fc9feff0f704743c3760f5d8d708f6417fac6458159e63df3a6b1100f0736e3b99edb9fe370f274ad15160a1f49ff05cb49402534c818ff552c48e38c3e6e
  languageName: node
  linkType: hard
